
Microsoft Visual Studio Solution File, Format Version 12.00
# Visual Studio Version 16
VisualStudioVersion = 16.0.31624.102
MinimumVisualStudioVersion = 10.0.40219.1
Project("{9A19103F-16F7-4668-BE54-9A1E7A4F7556}") = "WebApi", "WebApi\WebApi.csproj", "{DD207B80-DF8E-48A7-A62D-36978491EC3C}"
EndProject
Project("{9A19103F-16F7-4668-BE54-9A1E7A4F7556}") = "NServiceBusService", "NServiceBusService\NServiceBusService.csproj", "{ACCFE11F-4A2A-47BB-B320-C0C790823A1D}"
EndProject
Project("{9A19103F-16F7-4668-BE54-9A1E7A4F7556}") = "Core", "Core\Core.csproj", "{7B829350-B390-4111-87D3-C45AA518A98F}"
EndProject
Project("{2150E333-8FDC-42A3-9474-1A3956D46DE8}") = "SolutionItems", "SolutionItems", "{2C8C5751-4996-4867-BFF7-E4CEF215AECD}"
	ProjectSection(SolutionItems) = preProject
		docker-compose.yml = docker-compose.yml
		dockerize.bat = dockerize.bat
		NServiceBusPlayground.sln.startup.json = NServiceBusPlayground.sln.startup.json
	EndProjectSection
EndProject
Global
	GlobalSection(SolutionConfigurationPlatforms) = preSolution
		Debug|Any CPU = Debug|Any CPU
		Release|Any CPU = Release|Any CPU
	EndGlobalSection
	GlobalSection(ProjectConfigurationPlatforms) = postSolution
		{DD207B80-DF8E-48A7-A62D-36978491EC3C}.Debug|Any CPU.ActiveCfg = Debug|Any CPU
		{DD207B80-DF8E-48A7-A62D-36978491EC3C}.Debug|Any CPU.Build.0 = Debug|Any CPU
		{DD207B80-DF8E-48A7-A62D-36978491EC3C}.Release|Any CPU.ActiveCfg = Release|Any CPU
		{DD207B80-DF8E-48A7-A62D-36978491EC3C}.Release|Any CPU.Build.0 = Release|Any CPU
		{ACCFE11F-4A2A-47BB-B320-C0C790823A1D}.Debug|Any CPU.ActiveCfg = Debug|Any CPU
		{ACCFE11F-4A2A-47BB-B320-C0C790823A1D}.Debug|Any CPU.Build.0 = Debug|Any CPU
		{ACCFE11F-4A2A-47BB-B320-C0C790823A1D}.Release|Any CPU.ActiveCfg = Release|Any CPU
		{ACCFE11F-4A2A-47BB-B320-C0C790823A1D}.Release|Any CPU.Build.0 = Release|Any CPU
		{7B829350-B390-4111-87D3-C45AA518A98F}.Debug|Any CPU.ActiveCfg = Debug|Any CPU
		{7B829350-B390-4111-87D3-C45AA518A98F}.Debug|Any CPU.Build.0 = Debug|Any CPU
		{7B829350-B390-4111-87D3-C45AA518A98F}.Release|Any CPU.ActiveCfg = Release|Any CPU
		{7B829350-B390-4111-87D3-C45AA518A98F}.Release|Any CPU.Build.0 = Release|Any CPU
	EndGlobalSection
	GlobalSection(SolutionProperties) = preSolution
		HideSolutionNode = FALSE
	EndGlobalSection
	GlobalSection(ExtensibilityGlobals) = postSolution
		SolutionGuid = {D173A82C-D3A4-4113-BB24-1CDFA9DF017D}
	EndGlobalSection
EndGlobal
